
Microsoft Visual Studio Solution File, Format Version 12.00
# Visual Studio Version 17
VisualStudioVersion = 17.1.32210.238
MinimumVisualStudioVersion = 10.0.40219.1
Project("{FAE04EC0-301F-11D3-BF4B-00C04F79EFBC}") = "КлассыПоПрактике", "КлассыПоПрактике\КлассыПоПрактике.csproj", "{8F2C044A-7528-4179-9EF4-04E19E1C571D}"
EndProject
Global
	GlobalSection(SolutionConfigurationPlatforms) = preSolution
		Debug|Any CPU = Debug|Any CPU
		Release|Any CPU = Release|Any CPU
	EndGlobalSection
	GlobalSection(ProjectConfigurationPlatforms) = postSolution
		{8F2C044A-7528-4179-9EF4-04E19E1C571D}.Debug|Any CPU.ActiveCfg = Debug|Any CPU
		{8F2C044A-7528-4179-9EF4-04E19E1C571D}.Debug|Any CPU.Build.0 = Debug|Any CPU
		{8F2C044A-7528-4179-9EF4-04E19E1C571D}.Release|Any CPU.ActiveCfg = Release|Any CPU
		{8F2C044A-7528-4179-9EF4-04E19E1C571D}.Release|Any CPU.Build.0 = Release|Any CPU
	EndGlobalSection
	GlobalSection(SolutionProperties) = preSolution
		HideSolutionNode = FALSE
	EndGlobalSection
	GlobalSection(ExtensibilityGlobals) = postSolution
		SolutionGuid = {CDCA6B37-7037-48FD-AC43-3BFB73C3B755}
	EndGlobalSection
EndGlobal
